{
  "name": "supachess",
  "version": "1.0.0",
  "lockfileVersion": 3,
  "requires": true,
  "packages": {
    "": {
      "name": "supachess",
      "version": "1.0.0",
      "license": "ISC",
      "dependencies": {
        "chess.js": "^0.13.4",
        "playwright": "^1.60.0",
        "stockfish": "^16.0.0"
      }
    },
    "node_modules/chess.js": {
      "version": "0.13.4",
      "resolved": "https://registry.npmjs.org/chess.js/-/chess.js-0.13.4.tgz",
      "integrity": "sha512-li8pyEtvfw6V7xvVr5aUh8OuICfviWNT3YXPh56/wNZ8yEdqdAaWcWargK6xTmqsWKKH5c1bvdJ7lh5vqNv2wg==",
      "license": "BSD-2-Clause"
    },
    "node_modules/fsevents": {
      "version": "2.3.2",
      "resolved": "https://registry.npmjs.org/fsevents/-/fsevents-2.3.2.tgz",
      "integrity": "sha512-xiqMQR4xAeHTuB9uWm+fFRcIOgKBMiOBP+eXiyT7jsgVCq1bkVygt00oASowB7EdtpOHaaPgKt812P9ab+DDKA==",
      "hasInstallScript": true,
      "license": "MIT",
      "optional": true,
      "os": [
        "darwin"
      ],
      "engines": {
        "node": "^8.16.0 || ^10.6.0 || >=11.0.0"
      }
    },
    "node_modules/playwright": {
      "version": "1.60.0",
      "resolved": "https://registry.npmjs.org/playwright/-/playwright-1.60.0.tgz",
      "integrity": "sha512-hheHdokM8cdqCb0lcE3s+zT4t4W+vvjpGxsZlDnikarzx8tSzMebh3UiFtgqwFwnTnjYQcsyMF8ei2mCO/tpeA==",
      "license": "Apache-2.0",
      "dependencies": {
        "playwright-core": "1.60.0"
      },
      "bin": {
        "playwright": "cli.js"
      },
      "engines": {
        "node": ">=18"
      },
      "optionalDependencies": {
        "fsevents": "2.3.2"
      }
    },
    "node_modules/playwright-core": {
      "version": "1.60.0",
      "resolved": "https://registry.npmjs.org/playwright-core/-/playwright-core-1.60.0.tgz",
      "integrity": "sha512-9bW6zvX/m0lEbgTKJ6YppOKx8H3VOPBMOCFh2irXFOT4BbHgrx5hPjwJYLT40Lu+4qtD36qKc/Hn56StUW57IA==",
      "license": "Apache-2.0",
      "bin": {
        "playwright-core": "cli.js"
      },
      "engines": {
        "node": ">=18"
      }
    },
    "node_modules/stockfish": {
      "version": "16.0.0",
      "resolved": "https://registry.npmjs.org/stockfish/-/stockfish-16.0.0.tgz",
      "integrity": "sha512-uu4AqsE2x0tD+SsYzZy4UtqeH4U9zDi1V8loDFDbMwCtvumGXF9j81Pg1ZmIkUgZhwQqPxQAv8IN5oy6hZa7Bw==",
      "license": "GPL",
      "bin": {
        "stockfishjs": "stockfishjs"
      }
    }
  }
}
